
Microsoft Visual Studio Solution File, Format Version 12.00
# Visual Studio 15
Project("{FAE04EC0-301F-11D3-BF4B-00C04F79EFBC}") = "YOUR_XAMARIN_FORMS_APP_NAME.Android", "YOUR_XAMARIN_FORMS_APP_NAME.Android\YOUR_XAMARIN_FORMS_APP_NAME.Android.csproj", "{4CE69442-6CC9-4F67-A974-92C0AD2BA767}"
EndProject
Project("{FAE04EC0-301F-11D3-BF4B-00C04F79EFBC}") = "YOUR_XAMARIN_FORMS_APP_NAME.iOS", "YOUR_XAMARIN_FORMS_APP_NAME.iOS\YOUR_XAMARIN_FORMS_APP_NAME.iOS.csproj", "{BF83330F-4680-4A83-A3A6-E074FC8D2D90}"
EndProject
Project("{FAE04EC0-301F-11D3-BF4B-00C04F79EFBC}") = "YOUR_XAMARIN_FORMS_APP_NAME", "YOUR_XAMARIN_FORMS_APP_NAME\YOUR_XAMARIN_FORMS_APP_NAME.csproj", "{CDB2BEE8-5C92-4765-B70A-472F032FBAA5}"
EndProject
Global
	GlobalSection(SolutionConfigurationPlatforms) = preSolution
		Debug|Any CPU = Debug|Any CPU
		Release|Any CPU = Release|Any CPU
		Debug|iPhoneSimulator = Debug|iPhoneSimulator
		Release|iPhoneSimulator = Release|iPhoneSimulator
		Debug|iPhone = Debug|iPhone
		Release|iPhone = Release|iPhone
		Ad-Hoc|iPhone = Ad-Hoc|iPhone
		AppStore|iPhone = AppStore|iPhone
	EndGlobalSection
	GlobalSection(ProjectConfigurationPlatforms) = postSolution
		{4CE69442-6CC9-4F67-A974-92C0AD2BA767}.Debug|Any CPU.ActiveCfg = Debug|Any CPU
		{4CE69442-6CC9-4F67-A974-92C0AD2BA767}.Debug|Any CPU.Build.0 = Debug|Any CPU
		{4CE69442-6CC9-4F67-A974-92C0AD2BA767}.Release|Any CPU.ActiveCfg = Release|Any CPU
		{4CE69442-6CC9-4F67-A974-92C0AD2BA767}.Release|Any CPU.Build.0 = Release|Any CPU
		{4CE69442-6CC9-4F67-A974-92C0AD2BA767}.Debug|iPhoneSimulator.ActiveCfg = Debug|Any CPU
		{4CE69442-6CC9-4F67-A974-92C0AD2BA767}.Debug|iPhoneSimulator.Build.0 = Debug|Any CPU
		{4CE69442-6CC9-4F67-A974-92C0AD2BA767}.Release|iPhoneSimulator.ActiveCfg = Release|Any CPU
		{4CE69442-6CC9-4F67-A974-92C0AD2BA767}.Release|iPhoneSimulator.Build.0 = Release|Any CPU
		{4CE69442-6CC9-4F67-A974-92C0AD2BA767}.Debug|iPhone.ActiveCfg = Debug|Any CPU
		{4CE69442-6CC9-4F67-A974-92C0AD2BA767}.Debug|iPhone.Build.0 = Debug|Any CPU
		{4CE69442-6CC9-4F67-A974-92C0AD2BA767}.Release|iPhone.ActiveCfg = Release|Any CPU
		{4CE69442-6CC9-4F67-A974-92C0AD2BA767}.Release|iPhone.Build.0 = Release|Any CPU
		{4CE69442-6CC9-4F67-A974-92C0AD2BA767}.Ad-Hoc|iPhone.ActiveCfg = Debug|Any CPU
		{4CE69442-6CC9-4F67-A974-92C0AD2BA767}.Ad-Hoc|iPhone.Build.0 = Debug|Any CPU
		{4CE69442-6CC9-4F67-A974-92C0AD2BA767}.AppStore|iPhone.ActiveCfg = Debug|Any CPU
		{4CE69442-6CC9-4F67-A974-92C0AD2BA767}.AppStore|iPhone.Build.0 = Debug|Any CPU
		{BF83330F-4680-4A83-A3A6-E074FC8D2D90}.Debug|Any CPU.ActiveCfg = Debug|iPhoneSimulator
		{BF83330F-4680-4A83-A3A6-E074FC8D2D90}.Debug|Any CPU.Build.0 = Debug|iPhoneSimulator
		{BF83330F-4680-4A83-A3A6-E074FC8D2D90}.Release|Any CPU.ActiveCfg = Release|iPhoneSimulator
		{BF83330F-4680-4A83-A3A6-E074FC8D2D90}.Release|Any CPU.Build.0 = Release|iPhoneSimulator
		{BF83330F-4680-4A83-A3A6-E074FC8D2D90}.Debug|iPhoneSimulator.ActiveCfg = Debug|iPhoneSimulator
		{BF83330F-4680-4A83-A3A6-E074FC8D2D90}.Debug|iPhoneSimulator.Build.0 = Debug|iPhoneSimulator
		{BF83330F-4680-4A83-A3A6-E074FC8D2D90}.Release|iPhoneSimulator.ActiveCfg = Release|iPhoneSimulator
		{BF83330F-4680-4A83-A3A6-E074FC8D2D90}.Release|iPhoneSimulator.Build.0 = Release|iPhoneSimulator
		{BF83330F-4680-4A83-A3A6-E074FC8D2D90}.Debug|iPhone.ActiveCfg = Debug|iPhone
		{BF83330F-4680-4A83-A3A6-E074FC8D2D90}.Debug|iPhone.Build.0 = Debug|iPhone
		{BF83330F-4680-4A83-A3A6-E074FC8D2D90}.Release|iPhone.ActiveCfg = Release|iPhone
		{BF83330F-4680-4A83-A3A6-E074FC8D2D90}.Release|iPhone.Build.0 = Release|iPhone
		{BF83330F-4680-4A83-A3A6-E074FC8D2D90}.Ad-Hoc|iPhone.ActiveCfg = Ad-Hoc|iPhone
		{BF83330F-4680-4A83-A3A6-E074FC8D2D90}.Ad-Hoc|iPhone.Build.0 = Ad-Hoc|iPhone
		{BF83330F-4680-4A83-A3A6-E074FC8D2D90}.AppStore|iPhone.ActiveCfg = AppStore|iPhone
		{BF83330F-4680-4A83-A3A6-E074FC8D2D90}.AppStore|iPhone.Build.0 = AppStore|iPhone
		{CDB2BEE8-5C92-4765-B70A-472F032FBAA5}.Debug|Any CPU.ActiveCfg = Debug|Any CPU
		{CDB2BEE8-5C92-4765-B70A-472F032FBAA5}.Debug|Any CPU.Build.0 = Debug|Any CPU
		{CDB2BEE8-5C92-4765-B70A-472F032FBAA5}.Release|Any CPU.ActiveCfg = Release|Any CPU
		{CDB2BEE8-5C92-4765-B70A-472F032FBAA5}.Release|Any CPU.Build.0 = Release|Any CPU
		{CDB2BEE8-5C92-4765-B70A-472F032FBAA5}.Debug|iPhoneSimulator.ActiveCfg = Debug|Any CPU
		{CDB2BEE8-5C92-4765-B70A-472F032FBAA5}.Debug|iPhoneSimulator.Build.0 = Debug|Any CPU
		{CDB2BEE8-5C92-4765-B70A-472F032FBAA5}.Release|iPhoneSimulator.ActiveCfg = Release|Any CPU
		{CDB2BEE8-5C92-4765-B70A-472F032FBAA5}.Release|iPhoneSimulator.Build.0 = Release|Any CPU
		{CDB2BEE8-5C92-4765-B70A-472F032FBAA5}.Debug|iPhone.ActiveCfg = Debug|Any CPU
		{CDB2BEE8-5C92-4765-B70A-472F032FBAA5}.Debug|iPhone.Build.0 = Debug|Any CPU
		{CDB2BEE8-5C92-4765-B70A-472F032FBAA5}.Release|iPhone.ActiveCfg = Release|Any CPU
		{CDB2BEE8-5C92-4765-B70A-472F032FBAA5}.Release|iPhone.Build.0 = Release|Any CPU
		{CDB2BEE8-5C92-4765-B70A-472F032FBAA5}.Ad-Hoc|iPhone.ActiveCfg = Debug|Any CPU
		{CDB2BEE8-5C92-4765-B70A-472F032FBAA5}.Ad-Hoc|iPhone.Build.0 = Debug|Any CPU
		{CDB2BEE8-5C92-4765-B70A-472F032FBAA5}.AppStore|iPhone.ActiveCfg = Debug|Any CPU
		{CDB2BEE8-5C92-4765-B70A-472F032FBAA5}.AppStore|iPhone.Build.0 = Debug|Any CPU
	EndGlobalSection
EndGlobal
